
Microsoft Visual Studio Solution File, Format Version 12.00
# Visual Studio Version 17
VisualStudioVersion = 17.9.34607.119
MinimumVisualStudioVersion = 10.0.40219.1
Project("{FAE04EC0-301F-11D3-BF4B-00C04F79EFBC}") = "DiaDelanio", "DiaDelanio\DiaDelanio.csproj", "{9BF4CC99-7B4C-4AA8-9916-64A34FF52ECB}"
EndProject
Global
	GlobalSection(SolutionConfigurationPlatforms) = preSolution
		Debug|Any CPU = Debug|Any CPU
		Release|Any CPU = Release|Any CPU
	EndGlobalSection
	GlobalSection(ProjectConfigurationPlatforms) = postSolution
		{9BF4CC99-7B4C-4AA8-9916-64A34FF52ECB}.Debug|Any CPU.ActiveCfg = Debug|Any CPU
		{9BF4CC99-7B4C-4AA8-9916-64A34FF52ECB}.Debug|Any CPU.Build.0 = Debug|Any CPU
		{9BF4CC99-7B4C-4AA8-9916-64A34FF52ECB}.Release|Any CPU.ActiveCfg = Release|Any CPU
		{9BF4CC99-7B4C-4AA8-9916-64A34FF52ECB}.Release|Any CPU.Build.0 = Release|Any CPU
	EndGlobalSection
	GlobalSection(SolutionProperties) = preSolution
		HideSolutionNode = FALSE
	EndGlobalSection
	GlobalSection(ExtensibilityGlobals) = postSolution
		SolutionGuid = {2E41FA62-9CC4-4E89-A9EC-9C99C47FED8A}
	EndGlobalSection
EndGlobal
